github.com/simsor/go-kindle v0.0.0-20210102172844-934a3d0627e4 h1:J9dSjaZMRu39UNFjhJhjrtzpcMdSDan/pUPt6pSyViY=
github.com/simsor/go-kindle v0.0.0-20210102172844-934a3d0627e4/go.mod h1:ZwT9B16XrB21FHg2mK7uFA+boAEeUQBwSGcfDjmta1c=
github.com/veandco/go-sdl2 v0.4.40 h1:fZv6wC3zz1Xt167P09gazawnpa0KY5LM7JAvKpX9d/U=
github.com/veandco/go-sdl2 v0.4.40/go.mod h1:OROqMhHD43nT4/i9crJukyVecjPNYYuCofep6SNiAjY=
golang.org/x/sys v0.0.0-20201223074533-0d417f636930 h1:vRgIt+nup/B/BwIS0g2oC0haq0iqbV3ZA+u6+0TlNCo=
golang.org/x/sys v0.0.0-20201223074533-0d417f636930/go.mod h1:h1NjWce9XRLGQEsW7wpKNCjG9DtNlClVuFLEZdDNbEs=
